{
  "name": "rayco.digital",
  "version": "1.0.0",
  "lockfileVersion": 2,
  "requires": true,
  "packages": {
    "": {
      "name": "rayco.digital",
      "version": "1.0.0",
      "license": "ISC",
      "dependencies": {
        "gsap": "^3.11.4",
        "magnet-mouse": "github:fluffy-factory/magnet-mouse"
      }
    },
    "node_modules/gsap": {
      "version": "3.11.4",
      "resolved": "https://registry.npmjs.org/gsap/-/gsap-3.11.4.tgz",
      "integrity": "sha512-McHhEguHyExMMnjqKA8G+7TvxmlKQGMbjgwAilnFe1e4id7V/tFveRQ2YMZhTYu0oxHGWvbPltdVYQOu3z1SCA=="
    },
    "node_modules/magnet-mouse": {
      "version": "1.0.0",
      "resolved": "git+ssh://git@github.com/fluffy-factory/magnet-mouse.git#a57706d069552d874eb0689fc640813e2709a2f3",
      "license": "MIT"
    }
  },
  "dependencies": {
    "gsap": {
      "version": "3.11.4",
      "resolved": "https://registry.npmjs.org/gsap/-/gsap-3.11.4.tgz",
      "integrity": "sha512-McHhEguHyExMMnjqKA8G+7TvxmlKQGMbjgwAilnFe1e4id7V/tFveRQ2YMZhTYu0oxHGWvbPltdVYQOu3z1SCA=="
    },
    "magnet-mouse": {
      "version": "git+ssh://git@github.com/fluffy-factory/magnet-mouse.git#a57706d069552d874eb0689fc640813e2709a2f3",
      "from": "magnet-mouse@github:fluffy-factory/magnet-mouse"
    }
  }
}
