{
  "requires": true,
  "lockfileVersion": 1,
  "dependencies": {
    "@ashthornton/asscroll": {
      "version": "2.0.11",
      "resolved": "https://registry.npmjs.org/@ashthornton/asscroll/-/asscroll-2.0.11.tgz",
      "integrity": "sha512-X7Z+0aePdxn2WeKTx+sX/U9KNwjRSlY+ZeoGO7ZQy4uKRZ2cSHZi5ho9WiuDAPTPj97Smb2aZ7XC8goR73SmPA==",
      "requires": {
        "@unseenco/e": "^2.2.2"
      }
    },
    "@unseenco/e": {
      "version": "2.2.3",
      "resolved": "https://registry.npmjs.org/@unseenco/e/-/e-2.2.3.tgz",
      "integrity": "sha512-ntxSrExl+KRWjbD3D4U2AnDZAwD0BZyhowQ6y+bbPqvvEkKfFdTlGNUa/xCwezHvZe+YowJ+mHAGjxtvMtK73Q==",
      "requires": {
        "selector-set": "^1.1.5"
      }
    },
    "babel-regenerator-runtime": {
      "version": "6.5.0",
      "resolved": "https://registry.npmjs.org/babel-regenerator-runtime/-/babel-regenerator-runtime-6.5.0.tgz",
      "integrity": "sha512-EBScUgCBbiUbeIrFhMYh70nmxflHbsRxoZi17g1J27Opwbo9TR7m/KuLS8itzRDp9BZL3DcSAEbbqSg2Az496w=="
    },
    "gia": {
      "version": "0.0.7",
      "resolved": "https://registry.npmjs.org/gia/-/gia-0.0.7.tgz",
      "integrity": "sha512-G3Bh3m8TXVx8LHUmhmkMljW6TKv6ZVAkar2nUm5bZv9+UGYFSzSM819xB4N1rkzTCtlIaOX1RvHBY9a6OW9yeQ==",
      "requires": {
        "babel-regenerator-runtime": "^6.5.0"
      }
    },
    "gsap": {
      "version": "3.11.3",
      "resolved": "https://registry.npmjs.org/gsap/-/gsap-3.11.3.tgz",
      "integrity": "sha512-xc/iIJy+LWiMbRa4IdMtdnnKa/7PXEK6NNzV71gdOYUVeTZN7UWnLU0fB7Hi1iwiz4ZZoYkBZPPYGg+2+zzFHA=="
    },
    "lodash": {
      "version": "4.17.21",
      "resolved": "https://registry.npmjs.org/lodash/-/lodash-4.17.21.tgz",
      "integrity": "sha512-v2kDEe57lecTulaDIuNTPy3Ry4gLGJ6Z1O3vE1krgXZNrsQ+LFTGHVxVjcXPs17LhbZVGedAJv8XZ1tvj5FvSg=="
    },
    "magnet-mouse": {
      "version": "github:fluffy-factory/magnet-mouse#a57706d069552d874eb0689fc640813e2709a2f3",
      "from": "github:fluffy-factory/magnet-mouse"
    },
    "selector-set": {
      "version": "1.1.5",
      "resolved": "https://registry.npmjs.org/selector-set/-/selector-set-1.1.5.tgz",
      "integrity": "sha512-6SQw6yMew5iOZ8/cDHDEnJWRM4ot2mxP6szZyF5ptrBogw4AcS4EXRj/8BUfgAMwVfdL84qpModlBMOl2NVrsQ=="
    }
  }
}
